// !$*UTF8*$!
{
	archiveVersion = 1;
	classes = {
	};
	objectVersion = 46;
	objects = {

/* Begin PBXBuildFile section */
		24A6ACFD18C50858003498C7 /* Foundation.framework in Frameworks */ = {isa = PBXBuildFile; fileRef = 24A6ACFC18C50858003498C7 /* Foundation.framework */; };
		24A6ACFF18C50858003498C7 /* CoreGraphics.framework in Frameworks */ = {isa = PBXBuildFile; fileRef = 24A6ACFE18C50858003498C7 /* CoreGraphics.framework */; };
		24A6AD0118C50858003498C7 /* UIKit.framework in Frameworks */ = {isa = PBXBuildFile; fileRef = 24A6AD0018C50858003498C7 /* UIKit.framework */; };
		24A6AD0718C50858003498C7 /* InfoPlist.strings in Resources */ = {isa = PBXBuildFile; fileRef = 24A6AD0518C50858003498C7 /* InfoPlist.strings */; };
		24A6AD0918C50858003498C7 /* main.m in Sources */ = {isa = PBXBuildFile; fileRef = 24A6AD0818C50858003498C7 /* main.m */; };
		24A6AD0D18C50858003498C7 /* AppDelegate.m in Sources */ = {isa = PBXBuildFile; fileRef = 24A6AD0C18C50858003498C7 /* AppDelegate.m */; };
		24A6AD1018C50858003498C7 /* Main.storyboard in Resources */ = {isa = PBXBuildFile; fileRef = 24A6AD0E18C50858003498C7 /* Main.storyboard */; };
		24A6AD1318C50858003498C7 /* ViewController.m in Sources */ = {isa = PBXBuildFile; fileRef = 24A6AD1218C50858003498C7 /* ViewController.m */; };
		24A6AD1518C50858003498C7 /* Images.xcassets in Resources */ = {isa = PBXBuildFile; fileRef = 24A6AD1418C50858003498C7 /* Images.xcassets */; };
		24A6AD1C18C50858003498C7 /* XCTest.framework in Frameworks */ = {isa = PBXBuildFile; fileRef = 24A6AD1B18C50858003498C7 /* XCTest.framework */; };
		24A6AD1D18C50858003498C7 /* Foundation.framework in Frameworks */ = {isa = PBXBuildFile; fileRef = 24A6ACFC18C50858003498C7 /* Foundation.framework */; };
		24A6AD1E18C50858003498C7 /* UIKit.framework in Frameworks */ = {isa = PBXBuildFile; fileRef = 24A6AD0018C50858003498C7 /* UIKit.framework */; };
		24A6AD2618C50858003498C7 /* InfoPlist.strings in Resources */ = {isa = PBXBuildFile; fileRef = 24A6AD2418C50858003498C7 /* InfoPlist.strings */; };
		24A6AD2818C50858003498C7 /* calcTests.m in Sources */ = {isa = PBXBuildFile; fileRef = 24A6AD2718C50858003498C7 /* calcTests.m */; };
/* End PBXBuildFile section */

/* Begin PBXContainerItemProxy section */
		24A6AD1F18C50858003498C7 /* PBXContainerItemProxy */ = {
			isa = PBXContainerItemProxy;
			containerPortal = 24A6ACF118C50858003498C7 /* Project object */;
			proxyType = 1;
			remoteGlobalIDString = 24A6ACF818C50858003498C7;
			remoteInfo = calc;
		};
/* End PBXContainerItemProxy section */

/* Begin PBXFileReference section */
		24A6ACF918C50858003498C7 /* calc.app */ = {isa = PBXFileReference; explicitFileType = wrapper.application; includeInIndex = 0; path = calc.app; sourceTree = BUILT_PRODUCTS_DIR; };
		24A6ACFC18C50858003498C7 /* Foundation.framework */ = {isa = PBXFileReference; lastKnownFileType = wrapper.framework; name = Foundation.framework; path = System/Library/Frameworks/Foundation.framework; sourceTree = SDKROOT; };
		24A6ACFE18C50858003498C7 /* CoreGraphics.framework */ = {isa = PBXFileReference; lastKnownFileType = wrapper.framework; name = CoreGraphics.framework; path = System/Library/Frameworks/CoreGraphics.framework; sourceTree = SDKROOT; };
		24A6AD0018C50858003498C7 /* UIKit.framework */ = {isa = PBXFileReference; lastKnownFileType = wrapper.framework; name = UIKit.framework; path = System/Library/Frameworks/UIKit.framework; sourceTree = SDKROOT; };
		24A6AD0418C50858003498C7 /* calc-Info.plist */ = {isa = PBXFileReference; lastKnownFileType = text.plist.xml; path = "calc-Info.plist"; sourceTree = "<group>"; };
		24A6AD0618C50858003498C7 /* en */ = {isa = PBXFileReference; lastKnownFileType = text.plist.strings; name = en; path = en.lproj/InfoPlist.strings; sourceTree = "<group>"; };
		24A6AD0818C50858003498C7 /* main.m */ = {isa = PBXFileReference; lastKnownFileType = sourcecode.c.objc; path = main.m; sourceTree = "<group>"; };
		24A6AD0A18C50858003498C7 /* calc-Prefix.pch */ = {isa = PBXFileReference; lastKnownFileType = sourcecode.c.h; path = "calc-Prefix.pch"; sourceTree = "<group>"; };
		24A6AD0B18C50858003498C7 /* AppDelegate.h */ = {isa = PBXFileReference; lastKnownFileType = sourcecode.c.h; path = AppDelegate.h; sourceTree = "<group>"; };
		24A6AD0C18C50858003498C7 /* AppDelegate.m */ = {isa = PBXFileReference; lastKnownFileType = sourcecode.c.objc; path = AppDelegate.m; sourceTree = "<group>"; };
		24A6AD0F18C50858003498C7 /* Base */ = {isa = PBXFileReference; lastKnownFileType = file.storyboard; name = Base; path = Base.lproj/Main.storyboard; sourceTree = "<group>"; };
		24A6AD1118C50858003498C7 /* ViewController.h */ = {isa = PBXFileReference; lastKnownFileType = sourcecode.c.h; path = ViewController.h; sourceTree = "<group>"; };
		24A6AD1218C50858003498C7 /* ViewController.m */ = {isa = PBXFileReference; lastKnownFileType = sourcecode.c.objc; path = ViewController.m; sourceTree = "<group>"; };
		24A6AD1418C50858003498C7 /* Images.xcassets */ = {isa = PBXFileReference; lastKnownFileType = folder.assetcatalog; path = Images.xcassets; sourceTree = "<group>"; };
		24A6AD1A18C50858003498C7 /* calcTests.xctest */ = {isa = PBXFileReference; explicitFileType = wrapper.cfbundle; includeInIndex = 0; path = calcTests.xctest; sourceTree = BUILT_PRODUCTS_DIR; };
		24A6AD1B18C50858003498C7 /* XCTest.framework */ = {isa = PBXFileReference; lastKnownFileType = wrapper.framework; name = XCTest.framework; path = Library/Frameworks/XCTest.framework; sourceTree = DEVELOPER_DIR; };
		24A6AD2318C50858003498C7 /* calcTests-Info.plist */ = {isa = PBXFileReference; lastKnownFileType = text.plist.xml; path = "calcTests-Info.plist"; sourceTree = "<group>"; };
		24A6AD2518C50858003498C7 /* en */ = {isa = PBXFileReference; lastKnownFileType = text.plist.strings; name = en; path = en.lproj/InfoPlist.strings; sourceTree = "<group>"; };
		24A6AD2718C50858003498C7 /* calcTests.m */ = {isa = PBXFileReference; lastKnownFileType = sourcecode.c.objc; path = calcTests.m; sourceTree = "<group>"; };
/* End PBXFileReference section */

/* Begin PBXFrameworksBuildPhase section */
		24A6ACF618C50858003498C7 /* Frameworks */ = {
			isa = PBXFrameworksBuildPhase;
			buildActionMask = 2147483647;
			files = (
				24A6ACFF18C50858003498C7 /* CoreGraphics.framework in Frameworks */,
				24A6AD0118C50858003498C7 /* UIKit.framework in Frameworks */,
				24A6ACFD18C50858003498C7 /* Foundation.framework in Frameworks */,
			);
			runOnlyForDeploymentPostprocessing = 0;
		};
		24A6AD1718C50858003498C7 /* Frameworks */ = {
			isa = PBXFrameworksBuildPhase;
			buildActionMask = 2147483647;
			files = (
				24A6AD1C18C50858003498C7 /* XCTest.framework in Frameworks */,
				24A6AD1E18C50858003498C7 /* UIKit.framework in Frameworks */,
				24A6AD1D18C50858003498C7 /* Foundation.framework in Frameworks */,
			);
			runOnlyForDeploymentPostprocessing = 0;
		};
/* End PBXFrameworksBuildPhase section */

/* Begin PBXGroup section */
		24A6ACF018C50858003498C7 = {
			isa = PBXGroup;
			children = (
				24A6AD0218C50858003498C7 /* calc */,
				24A6AD2118C50858003498C7 /* calcTests */,
				24A6ACFB18C50858003498C7 /* Frameworks */,
				24A6ACFA18C50858003498C7 /* Products */,
			);
			sourceTree = "<group>";
		};
		24A6ACFA18C50858003498C7 /* Products */ = {
			isa = PBXGroup;
			children = (
				24A6ACF918C50858003498C7 /* calc.app */,
				24A6AD1A18C50858003498C7 /* calcTests.xctest */,
			);
			name = Products;
			sourceTree = "<group>";
		};
		24A6ACFB18C50858003498C7 /* Frameworks */ = {
			isa = PBXGroup;
			children = (
				24A6ACFC18C50858003498C7 /* Foundation.framework */,
				24A6ACFE18C50858003498C7 /* CoreGraphics.framework */,
				24A6AD0018C50858003498C7 /* UIKit.framework */,
				24A6AD1B18C50858003498C7 /* XCTest.framework */,
			);
			name = Frameworks;
			sourceTree = "<group>";
		};
		24A6AD0218C50858003498C7 /* calc */ = {
			isa = PBXGroup;
			children = (
				24A6AD0B18C50858003498C7 /* AppDelegate.h */,
				24A6AD0C18C50858003498C7 /* AppDelegate.m */,
				24A6AD0E18C50858003498C7 /* Main.storyboard */,
				24A6AD1118C50858003498C7 /* ViewController.h */,
				24A6AD1218C50858003498C7 /* ViewController.m */,
				24A6AD1418C50858003498C7 /* Images.xcassets */,
				24A6AD0318C50858003498C7 /* Supporting Files */,
			);
			path = calc;
			sourceTree = "<group>";
		};
		24A6AD0318C50858003498C7 /* Supporting Files */ = {
			isa = PBXGroup;
			children = (
				24A6AD0418C50858003498C7 /* calc-Info.plist */,
				24A6AD0518C50858003498C7 /* InfoPlist.strings */,
				24A6AD0818C50858003498C7 /* main.m */,
				24A6AD0A18C50858003498C7 /* calc-Prefix.pch */,
			);
			name = "Supporting Files";
			sourceTree = "<group>";
		};
		24A6AD2118C50858003498C7 /* calcTests */ = {
			isa = PBXGroup;
			children = (
				24A6AD2718C50858003498C7 /* calcTests.m */,
				24A6AD2218C50858003498C7 /* Supporting Files */,
			);
			path = calcTests;
			sourceTree = "<group>";
		};
		24A6AD2218C50858003498C7 /* Supporting Files */ = {
			isa = PBXGroup;
			children = (
				24A6AD2318C50858003498C7 /* calcTests-Info.plist */,
				24A6AD2418C50858003498C7 /* InfoPlist.strings */,
			);
			name = "Supporting Files";
			sourceTree = "<group>";
		};
/* End PBXGroup section */

/* Begin PBXNativeTarget section */
		24A6ACF818C50858003498C7 /* calc */ = {
			isa = PBXNativeTarget;
			buildConfigurationList = 24A6AD2B18C50858003498C7 /* Build configuration list for PBXNativeTarget "calc" */;
			buildPhases = (
				24A6ACF518C50858003498C7 /* Sources */,
				24A6ACF618C50858003498C7 /* Frameworks */,
				24A6ACF718C50858003498C7 /* Resources */,
			);
			buildRules = (
			);
			dependencies = (
			);
			name = calc;
			productName = calc;
			productReference = 24A6ACF918C50858003498C7 /* calc.app */;
			productType = "com.apple.product-type.application";
		};
		24A6AD1918C50858003498C7 /* calcTests */ = {
			isa = PBXNativeTarget;
			buildConfigurationList = 24A6AD2E18C50858003498C7 /* Build configuration list for PBXNativeTarget "calcTests" */;
			buildPhases = (
				24A6AD1618C50858003498C7 /* Sources */,
				24A6AD1718C50858003498C7 /* Frameworks */,
				24A6AD1818C50858003498C7 /* Resources */,
			);
			buildRules = (
			);
			dependencies = (
				24A6AD2018C50858003498C7 /* PBXTargetDependency */,
			);
			name = calcTests;
			productName = calcTests;
			productReference = 24A6AD1A18C50858003498C7 /* calcTests.xctest */;
			productType = "com.apple.product-type.bundle.unit-test";
		};
/* End PBXNativeTarget section */

/* Begin PBXProject section */
		24A6ACF118C50858003498C7 /* Project object */ = {
			isa = PBXProject;
			attributes = {
				LastUpgradeCheck = 0500;
				ORGANIZATIONNAME = DetroitLabsUser;
				TargetAttributes = {
					24A6AD1918C50858003498C7 = {
						TestTargetID = 24A6ACF818C50858003498C7;
					};
				};
			};
			buildConfigurationList = 24A6ACF418C50858003498C7 /* Build configuration list for PBXProject "calc" */;
			compatibilityVersion = "Xcode 3.2";
			developmentRegion = English;
			hasScannedForEncodings = 0;
			knownRegions = (
				en,
				Base,
			);
			mainGroup = 24A6ACF018C50858003498C7;
			productRefGroup = 24A6ACFA18C50858003498C7 /* Products */;
			projectDirPath = "";
			projectRoot = "";
			targets = (
				24A6ACF818C50858003498C7 /* calc */,
				24A6AD1918C50858003498C7 /* calcTests */,
			);
		};
/* End PBXProject section */

/* Begin PBXResourcesBuildPhase section */
		24A6ACF718C50858003498C7 /* Resources */ = {
			isa = PBXResourcesBuildPhase;
			buildActionMask = 2147483647;
			files = (
				24A6AD1518C50858003498C7 /* Images.xcassets in Resources */,
				24A6AD0718C50858003498C7 /* InfoPlist.strings in Resources */,
				24A6AD1018C50858003498C7 /* Main.storyboard in Resources */,
			);
			runOnlyForDeploymentPostprocessing = 0;
		};
		24A6AD1818C50858003498C7 /* Resources */ = {
			isa = PBXResourcesBuildPhase;
			buildActionMask = 2147483647;
			files = (
				24A6AD2618C50858003498C7 /* InfoPlist.strings in Resources */,
			);
			runOnlyForDeploymentPostprocessing = 0;
		};
/* End PBXResourcesBuildPhase section */

/* Begin PBXSourcesBuildPhase section */
		24A6ACF518C50858003498C7 /* Sources */ = {
			isa = PBXSourcesBuildPhase;
			buildActionMask = 2147483647;
			files = (
				24A6AD1318C50858003498C7 /* ViewController.m in Sources */,
				24A6AD0D18C50858003498C7 /* AppDelegate.m in Sources */,
				24A6AD0918C50858003498C7 /* main.m in Sources */,
			);
			runOnlyForDeploymentPostprocessing = 0;
		};
		24A6AD1618C50858003498C7 /* Sources */ = {
			isa = PBXSourcesBuildPhase;
			buildActionMask = 2147483647;
			files = (
				24A6AD2818C50858003498C7 /* calcTests.m in Sources */,
			);
			runOnlyForDeploymentPostprocessing = 0;
		};
/* End PBXSourcesBuildPhase section */

/* Begin PBXTargetDependency section */
		24A6AD2018C50858003498C7 /* PBXTargetDependency */ = {
			isa = PBXTargetDependency;
			target = 24A6ACF818C50858003498C7 /* calc */;
			targetProxy = 24A6AD1F18C50858003498C7 /* PBXContainerItemProxy */;
		};
/* End PBXTargetDependency section */

/* Begin PBXVariantGroup section */
		24A6AD0518C50858003498C7 /* InfoPlist.strings */ = {
			isa = PBXVariantGroup;
			children = (
				24A6AD0618C50858003498C7 /* en */,
			);
			name = InfoPlist.strings;
			sourceTree = "<group>";
		};
		24A6AD0E18C50858003498C7 /* Main.storyboard */ = {
			isa = PBXVariantGroup;
			children = (
				24A6AD0F18C50858003498C7 /* Base */,
			);
			name = Main.storyboard;
			sourceTree = "<group>";
		};
		24A6AD2418C50858003498C7 /* InfoPlist.strings */ = {
			isa = PBXVariantGroup;
			children = (
				24A6AD2518C50858003498C7 /* en */,
			);
			name = InfoPlist.strings;
			sourceTree = "<group>";
		};
/* End PBXVariantGroup section */

/* Begin XCBuildConfiguration section */
		24A6AD2918C50858003498C7 /* Debug */ = {
			isa = XCBuildConfiguration;
			buildSettings = {
				ALWAYS_SEARCH_USER_PATHS = NO;
				ARCHS = "$(ARCHS_STANDARD_INCLUDING_64_BIT)";
				CLANG_CXX_LANGUAGE_STANDARD = "gnu++0x";
				CLANG_CXX_LIBRARY = "libc++";
				CLANG_ENABLE_MODULES = YES;
				CLANG_ENABLE_OBJC_ARC = YES;
				CLANG_WARN_BOOL_CONVERSION = YES;
				CLANG_WARN_CONSTANT_CONVERSION = YES;
				CLANG_WARN_DIRECT_OBJC_ISA_USAGE = YES_ERROR;
				CLANG_WARN_EMPTY_BODY = YES;
				CLANG_WARN_ENUM_CONVERSION = YES;
				CLANG_WARN_INT_CONVERSION = YES;
				CLANG_WARN_OBJC_ROOT_CLASS = YES_ERROR;
				CLANG_WARN__DUPLICATE_METHOD_MATCH = YES;
				"CODE_SIGN_IDENTITY[sdk=iphoneos*]" = "iPhone Developer";
				COPY_PHASE_STRIP = NO;
				GCC_C_LANGUAGE_STANDARD = gnu99;
				GCC_DYNAMIC_NO_PIC = NO;
				GCC_OPTIMIZATION_LEVEL = 0;
				GCC_PREPROCESSOR_DEFINITIONS = (
					"DEBUG=1",
					"$(inherited)",
				);
				GCC_SYMBOLS_PRIVATE_EXTERN = NO;
				GCC_WARN_64_TO_32_BIT_CONVERSION = YES;
				GCC_WARN_ABOUT_RETURN_TYPE = YES_ERROR;
				GCC_WARN_UNDECLARED_SELECTOR = YES;
				GCC_WARN_UNINITIALIZED_AUTOS = YES;
				GCC_WARN_UNUSED_FUNCTION = YES;
				GCC_WARN_UNUSED_VARIABLE = YES;
				IPHONEOS_DEPLOYMENT_TARGET = 7.0;
				ONLY_ACTIVE_ARCH = YES;
				SDKROOT = iphoneos;
			};
			name = Debug;
		};
		24A6AD2A18C50858003498C7 /* Release */ = {
			isa = XCBuildConfiguration;
			buildSettings = {
				ALWAYS_SEARCH_USER_PATHS = NO;
				ARCHS = "$(ARCHS_STANDARD_INCLUDING_64_BIT)";
				CLANG_CXX_LANGUAGE_STANDARD = "gnu++0x";
				CLANG_CXX_LIBRARY = "libc++";
				CLANG_ENABLE_MODULES = YES;
				CLANG_ENABLE_OBJC_ARC = YES;
				CLANG_WARN_BOOL_CONVERSION = YES;
				CLANG_WARN_CONSTANT_CONVERSION = YES;
				CLANG_WARN_DIRECT_OBJC_ISA_USAGE = YES_ERROR;
				CLANG_WARN_EMPTY_BODY = YES;
				CLANG_WARN_ENUM_CONVERSION = YES;
				CLANG_WARN_INT_CONVERSION = YES;
				CLANG_WARN_OBJC_ROOT_CLASS = YES_ERROR;
				CLANG_WARN__DUPLICATE_METHOD_MATCH = YES;
				"CODE_SIGN_IDENTITY[sdk=iphoneos*]" = "iPhone Developer";
				COPY_PHASE_STRIP = YES;
				ENABLE_NS_ASSERTIONS = NO;
				GCC_C_LANGUAGE_STANDARD = gnu99;
				GCC_WARN_64_TO_32_BIT_CONVERSION = YES;
				GCC_WARN_ABOUT_RETURN_TYPE = YES_ERROR;
				GCC_WARN_UNDECLARED_SELECTOR = YES;
				GCC_WARN_UNINITIALIZED_AUTOS = YES;
				GCC_WARN_UNUSED_FUNCTION = YES;
				GCC_WARN_UNUSED_VARIABLE = YES;
				IPHONEOS_DEPLOYMENT_TARGET = 7.0;
				SDKROOT = iphoneos;
				VALIDATE_PRODUCT = YES;
			};
			name = Release;
		};
		24A6AD2C18C50858003498C7 /* Debug */ = {
			isa = XCBuildConfiguration;
			buildSettings = {
				ASSETCATALOG_COMPILER_APPICON_NAME = AppIcon;
				ASSETCATALOG_COMPILER_LAUNCHIMAGE_NAME = LaunchImage;
				GCC_PRECOMPILE_PREFIX_HEADER = YES;
				GCC_PREFIX_HEADER = "calc/calc-Prefix.pch";
				INFOPLIST_FILE = "calc/calc-Info.plist";
				PRODUCT_NAME = "$(TARGET_NAME)";
				WRAPPER_EXTENSION = app;
			};
			name = Debug;
		};
		24A6AD2D18C50858003498C7 /* Release */ = {
			isa = XCBuildConfiguration;
			buildSettings = {
				ASSETCATALOG_COMPILER_APPICON_NAME = AppIcon;
				ASSETCATALOG_COMPILER_LAUNCHIMAGE_NAME = LaunchImage;
				GCC_PRECOMPILE_PREFIX_HEADER = YES;
				GCC_PREFIX_HEADER = "calc/calc-Prefix.pch";
				INFOPLIST_FILE = "calc/calc-Info.plist";
				PRODUCT_NAME = "$(TARGET_NAME)";
				WRAPPER_EXTENSION = app;
			};
			name = Release;
		};
		24A6AD2F18C50858003498C7 /* Debug */ = {
			isa = XCBuildConfiguration;
			buildSettings = {
				ARCHS = "$(ARCHS_STANDARD_INCLUDING_64_BIT)";
				BUNDLE_LOADER = "$(BUILT_PRODUCTS_DIR)/calc.app/calc";
				FRAMEWORK_SEARCH_PATHS = (
					"$(SDKROOT)/Developer/Library/Frameworks",
					"$(inherited)",
					"$(DEVELOPER_FRAMEWORKS_DIR)",
				);
				GCC_PRECOMPILE_PREFIX_HEADER = YES;
				GCC_PREFIX_HEADER = "calc/calc-Prefix.pch";
				GCC_PREPROCESSOR_DEFINITIONS = (
					"DEBUG=1",
					"$(inherited)",
				);
				INFOPLIST_FILE = "calcTests/calcTests-Info.plist";
				PRODUCT_NAME = "$(TARGET_NAME)";
				TEST_HOST = "$(BUNDLE_LOADER)";
				WRAPPER_EXTENSION = xctest;
			};
			name = Debug;
		};
		24A6AD3018C50858003498C7 /* Release */ = {
			isa = XCBuildConfiguration;
			buildSettings = {
				ARCHS = "$(ARCHS_STANDARD_INCLUDING_64_BIT)";
				BUNDLE_LOADER = "$(BUILT_PRODUCTS_DIR)/calc.app/calc";
				FRAMEWORK_SEARCH_PATHS = (
					"$(SDKROOT)/Developer/Library/Frameworks",
					"$(inherited)",
					"$(DEVELOPER_FRAMEWORKS_DIR)",
				);
				GCC_PRECOMPILE_PREFIX_HEADER = YES;
				GCC_PREFIX_HEADER = "calc/calc-Prefix.pch";
				INFOPLIST_FILE = "calcTests/calcTests-Info.plist";
				PRODUCT_NAME = "$(TARGET_NAME)";
				TEST_HOST = "$(BUNDLE_LOADER)";
				WRAPPER_EXTENSION = xctest;
			};
			name = Release;
		};
/* End XCBuildConfiguration section */

/* Begin XCConfigurationList section */
		24A6ACF418C50858003498C7 /* Build configuration list for PBXProject "calc" */ = {
			isa = XCConfigurationList;
			buildConfigurations = (
				24A6AD2918C50858003498C7 /* Debug */,
				24A6AD2A18C50858003498C7 /* Release */,
			);
			defaultConfigurationIsVisible = 0;
			defaultConfigurationName = Release;
		};
		24A6AD2B18C50858003498C7 /* Build configuration list for PBXNativeTarget "calc" */ = {
			isa = XCConfigurationList;
			buildConfigurations = (
				24A6AD2C18C50858003498C7 /* Debug */,
				24A6AD2D18C50858003498C7 /* Release */,
			);
			defaultConfigurationIsVisible = 0;
		};
		24A6AD2E18C50858003498C7 /* Build configuration list for PBXNativeTarget "calcTests" */ = {
			isa = XCConfigurationList;
			buildConfigurations = (
				24A6AD2F18C50858003498C7 /* Debug */,
				24A6AD3018C50858003498C7 /* Release */,
			);
			defaultConfigurationIsVisible = 0;
		};
/* End XCConfigurationList section */
	};
	rootObject = 24A6ACF118C50858003498C7 /* Project object */;
}
